
Microsoft Visual Studio Solution File, Format Version 12.00
# Visual Studio Version 17
VisualStudioVersion = 17.13.35931.197 d17.13
MinimumVisualStudioVersion = 10.0.40219.1
Project("{FAE04EC0-301F-11D3-BF4B-00C04F79EFBC}") = "EmailingService", "EmailingService\EmailingService.csproj", "{C99F0F46-DB2A-4834-B77B-0C4A7AF21F17}"
EndProject
Global
	GlobalSection(SolutionConfigurationPlatforms) = preSolution
		Debug|Any CPU = Debug|Any CPU
		Release|Any CPU = Release|Any CPU
	EndGlobalSection
	GlobalSection(ProjectConfigurationPlatforms) = postSolution
		{C99F0F46-DB2A-4834-B77B-0C4A7AF21F17}.Debug|Any CPU.ActiveCfg = Debug|Any CPU
		{C99F0F46-DB2A-4834-B77B-0C4A7AF21F17}.Debug|Any CPU.Build.0 = Debug|Any CPU
		{C99F0F46-DB2A-4834-B77B-0C4A7AF21F17}.Release|Any CPU.ActiveCfg = Release|Any CPU
		{C99F0F46-DB2A-4834-B77B-0C4A7AF21F17}.Release|Any CPU.Build.0 = Release|Any CPU
	EndGlobalSection
	GlobalSection(SolutionProperties) = preSolution
		HideSolutionNode = FALSE
	EndGlobalSection
	GlobalSection(ExtensibilityGlobals) = postSolution
		SolutionGuid = {FC7DB204-9A40-4657-B06C-B1C60D2055AB}
	EndGlobalSection
EndGlobal
